// !$*UTF8*$!
{
	archiveVersion = 1;
	classes = {
	};
	objectVersion = 46;
	objects = {

/* Begin PBXBuildFile section */
		9B0723911E1CE0EF00DBECCF /* main.cpp in Sources */ = {isa = PBXBuildFile; fileRef = 9B0723901E1CE0EF00DBECCF /* main.cpp */; };
		9B0723AE1E201B2D00DBECCF /* transform.cpp in Sources */ = {isa = PBXBuildFile; fileRef = 9B0723AC1E201B2D00DBECCF /* transform.cpp */; };
		9B0723B41E205E8C00DBECCF /* error.cpp in Sources */ = {isa = PBXBuildFile; fileRef = 9B0723B21E205E8C00DBECCF /* error.cpp */; };
		9B0723B71E205EE100DBECCF /* progressreporter.cpp in Sources */ = {isa = PBXBuildFile; fileRef = 9B0723B51E205EE100DBECCF /* progressreporter.cpp */; };
		9B0723BA1E205F5D00DBECCF /* parallel.cpp in Sources */ = {isa = PBXBuildFile; fileRef = 9B0723B81E205F5D00DBECCF /* parallel.cpp */; };
		9B0723BD1E205FB700DBECCF /* memory.cpp in Sources */ = {isa = PBXBuildFile; fileRef = 9B0723BB1E205FB700DBECCF /* memory.cpp */; };
		9B0723C01E205FC000DBECCF /* stats.cpp in Sources */ = {isa = PBXBuildFile; fileRef = 9B0723BE1E205FC000DBECCF /* stats.cpp */; };
		9B0724501E2069FE00DBECCF /* libglog.dylib in Frameworks */ = {isa = PBXBuildFile; fileRef = 9B07244F1E2069FE00DBECCF /* libglog.dylib */; };
		9B0724551E20CAEA00DBECCF /* quaternion.cpp in Sources */ = {isa = PBXBuildFile; fileRef = 9B0724531E20CAEA00DBECCF /* quaternion.cpp */; };
		9B0724581E21656C00DBECCF /* shape.cpp in Sources */ = {isa = PBXBuildFile; fileRef = 9B0724561E21656C00DBECCF /* shape.cpp */; };
		9B07245C1E217ED400DBECCF /* sphere.cpp in Sources */ = {isa = PBXBuildFile; fileRef = 9B07245A1E217ED400DBECCF /* sphere.cpp */; };
		9B07245F1E219C7B00DBECCF /* efloat.cpp in Sources */ = {isa = PBXBuildFile; fileRef = 9B07245D1E219C7B00DBECCF /* efloat.cpp */; };
		9BED750D1E28AA5100067AE1 /* interaction.cpp in Sources */ = {isa = PBXBuildFile; fileRef = 9BED750B1E28AA5100067AE1 /* interaction.cpp */; };
/* End PBXBuildFile section */

/* Begin PBXCopyFilesBuildPhase section */
		9B07238B1E1CE0EF00DBECCF /* CopyFiles */ = {
			isa = PBXCopyFilesBuildPhase;
			buildActionMask = 2147483647;
			dstPath = /usr/share/man/man1/;
			dstSubfolderSpec = 0;
			files = (
			);
			runOnlyForDeploymentPostprocessing = 1;
		};
/* End PBXCopyFilesBuildPhase section */

/* Begin PBXFileReference section */
		9B07238D1E1CE0EF00DBECCF /* pbrt3 */ = {isa = PBXFileReference; explicitFileType = "compiled.mach-o.executable"; includeInIndex = 0; path = pbrt3; sourceTree = BUILT_PRODUCTS_DIR; };
		9B0723901E1CE0EF00DBECCF /* main.cpp */ = {isa = PBXFileReference; lastKnownFileType = sourcecode.cpp.cpp; path = main.cpp; sourceTree = "<group>"; };
		9B0723971E1E1F7800DBECCF /* geometry.hpp */ = {isa = PBXFileReference; lastKnownFileType = sourcecode.cpp.h; path = geometry.hpp; sourceTree = "<group>"; };
		9B0723AC1E201B2D00DBECCF /* transform.cpp */ = {isa = PBXFileReference; fileEncoding = 4; lastKnownFileType = sourcecode.cpp.cpp; path = transform.cpp; sourceTree = "<group>"; };
		9B0723AD1E201B2D00DBECCF /* transform.hpp */ = {isa = PBXFileReference; fileEncoding = 4; lastKnownFileType = sourcecode.cpp.h; path = transform.hpp; sourceTree = "<group>"; };
		9B0723AF1E2023C900DBECCF /* pbrt.hpp */ = {isa = PBXFileReference; lastKnownFileType = sourcecode.cpp.h; path = pbrt.hpp; sourceTree = "<group>"; };
		9B0723B01E2023F300DBECCF /* port.hpp */ = {isa = PBXFileReference; lastKnownFileType = sourcecode.cpp.h; path = port.hpp; sourceTree = "<group>"; };
		9B0723B11E205E1300DBECCF /* stringprint.hpp */ = {isa = PBXFileReference; lastKnownFileType = sourcecode.cpp.h; path = stringprint.hpp; sourceTree = "<group>"; };
		9B0723B21E205E8C00DBECCF /* error.cpp */ = {isa = PBXFileReference; fileEncoding = 4; lastKnownFileType = sourcecode.cpp.cpp; path = error.cpp; sourceTree = "<group>"; };
		9B0723B31E205E8C00DBECCF /* error.hpp */ = {isa = PBXFileReference; fileEncoding = 4; lastKnownFileType = sourcecode.cpp.h; path = error.hpp; sourceTree = "<group>"; };
		9B0723B51E205EE100DBECCF /* progressreporter.cpp */ = {isa = PBXFileReference; fileEncoding = 4; lastKnownFileType = sourcecode.cpp.cpp; path = progressreporter.cpp; sourceTree = "<group>"; };
		9B0723B61E205EE100DBECCF /* progressreporter.hpp */ = {isa = PBXFileReference; fileEncoding = 4; lastKnownFileType = sourcecode.cpp.h; path = progressreporter.hpp; sourceTree = "<group>"; };
		9B0723B81E205F5D00DBECCF /* parallel.cpp */ = {isa = PBXFileReference; fileEncoding = 4; lastKnownFileType = sourcecode.cpp.cpp; path = parallel.cpp; sourceTree = "<group>"; };
		9B0723B91E205F5D00DBECCF /* parallel.hpp */ = {isa = PBXFileReference; fileEncoding = 4; lastKnownFileType = sourcecode.cpp.h; path = parallel.hpp; sourceTree = "<group>"; };
		9B0723BB1E205FB700DBECCF /* memory.cpp */ = {isa = PBXFileReference; fileEncoding = 4; lastKnownFileType = sourcecode.cpp.cpp; path = memory.cpp; sourceTree = "<group>"; };
		9B0723BC1E205FB700DBECCF /* memory.hpp */ = {isa = PBXFileReference; fileEncoding = 4; lastKnownFileType = sourcecode.cpp.h; path = memory.hpp; sourceTree = "<group>"; };
		9B0723BE1E205FC000DBECCF /* stats.cpp */ = {isa = PBXFileReference; fileEncoding = 4; lastKnownFileType = sourcecode.cpp.cpp; path = stats.cpp; sourceTree = "<group>"; };
		9B0723BF1E205FC000DBECCF /* stats.hpp */ = {isa = PBXFileReference; fileEncoding = 4; lastKnownFileType = sourcecode.cpp.h; path = stats.hpp; sourceTree = "<group>"; };
		9B07244F1E2069FE00DBECCF /* libglog.dylib */ = {isa = PBXFileReference; lastKnownFileType = "compiled.mach-o.dylib"; name = libglog.dylib; path = ../../../../../../usr/local/lib/libglog.dylib; sourceTree = "<group>"; };
		9B0724531E20CAEA00DBECCF /* quaternion.cpp */ = {isa = PBXFileReference; fileEncoding = 4; lastKnownFileType = sourcecode.cpp.cpp; path = quaternion.cpp; sourceTree = "<group>"; };
		9B0724541E20CAEA00DBECCF /* quaternion.hpp */ = {isa = PBXFileReference; fileEncoding = 4; lastKnownFileType = sourcecode.cpp.h; path = quaternion.hpp; sourceTree = "<group>"; };
		9B0724561E21656C00DBECCF /* shape.cpp */ = {isa = PBXFileReference; fileEncoding = 4; lastKnownFileType = sourcecode.cpp.cpp; path = shape.cpp; sourceTree = "<group>"; };
		9B0724571E21656C00DBECCF /* shape.hpp */ = {isa = PBXFileReference; fileEncoding = 4; lastKnownFileType = sourcecode.cpp.h; path = shape.hpp; sourceTree = "<group>"; };
		9B07245A1E217ED400DBECCF /* sphere.cpp */ = {isa = PBXFileReference; fileEncoding = 4; lastKnownFileType = sourcecode.cpp.cpp; name = sphere.cpp; path = shapes/sphere.cpp; sourceTree = "<group>"; };
		9B07245B1E217ED400DBECCF /* sphere.hpp */ = {isa = PBXFileReference; fileEncoding = 4; lastKnownFileType = sourcecode.cpp.h; name = sphere.hpp; path = shapes/sphere.hpp; sourceTree = "<group>"; };
		9B07245D1E219C7B00DBECCF /* efloat.cpp */ = {isa = PBXFileReference; fileEncoding = 4; lastKnownFileType = sourcecode.cpp.cpp; path = efloat.cpp; sourceTree = "<group>"; };
		9B07245E1E219C7B00DBECCF /* efloat.hpp */ = {isa = PBXFileReference; fileEncoding = 4; lastKnownFileType = sourcecode.cpp.h; path = efloat.hpp; sourceTree = "<group>"; };
		9BED750B1E28AA5100067AE1 /* interaction.cpp */ = {isa = PBXFileReference; fileEncoding = 4; lastKnownFileType = sourcecode.cpp.cpp; path = interaction.cpp; sourceTree = "<group>"; };
		9BED750C1E28AA5100067AE1 /* interaction.hpp */ = {isa = PBXFileReference; fileEncoding = 4; lastKnownFileType = sourcecode.cpp.h; path = interaction.hpp; sourceTree = "<group>"; };
/* End PBXFileReference section */

/* Begin PBXFrameworksBuildPhase section */
		9B07238A1E1CE0EF00DBECCF /* Frameworks */ = {
			isa = PBXFrameworksBuildPhase;
			buildActionMask = 2147483647;
			files = (
				9B0724501E2069FE00DBECCF /* libglog.dylib in Frameworks */,
			);
			runOnlyForDeploymentPostprocessing = 0;
		};
/* End PBXFrameworksBuildPhase section */

/* Begin PBXGroup section */
		9B0723841E1CE0EF00DBECCF = {
			isa = PBXGroup;
			children = (
				9B07238F1E1CE0EF00DBECCF /* pbrt3 */,
				9B07238E1E1CE0EF00DBECCF /* Products */,
				9B07244A1E20697400DBECCF /* Frameworks */,
			);
			sourceTree = "<group>";
		};
		9B07238E1E1CE0EF00DBECCF /* Products */ = {
			isa = PBXGroup;
			children = (
				9B07238D1E1CE0EF00DBECCF /* pbrt3 */,
			);
			name = Products;
			sourceTree = "<group>";
		};
		9B07238F1E1CE0EF00DBECCF /* pbrt3 */ = {
			isa = PBXGroup;
			children = (
				9B0724511E2070B400DBECCF /* core */,
				9B0724591E217EC200DBECCF /* shapes */,
				9B0723901E1CE0EF00DBECCF /* main.cpp */,
			);
			path = pbrt3;
			sourceTree = "<group>";
		};
		9B07244A1E20697400DBECCF /* Frameworks */ = {
			isa = PBXGroup;
			children = (
				9B07244F1E2069FE00DBECCF /* libglog.dylib */,
			);
			name = Frameworks;
			sourceTree = "<group>";
		};
		9B0724511E2070B400DBECCF /* core */ = {
			isa = PBXGroup;
			children = (
				9B0724521E2070D000DBECCF /* imported */,
				9B0723971E1E1F7800DBECCF /* geometry.hpp */,
				9B0724531E20CAEA00DBECCF /* quaternion.cpp */,
				9B0724541E20CAEA00DBECCF /* quaternion.hpp */,
				9B0723AC1E201B2D00DBECCF /* transform.cpp */,
				9B0723AD1E201B2D00DBECCF /* transform.hpp */,
				9B0724561E21656C00DBECCF /* shape.cpp */,
				9B0724571E21656C00DBECCF /* shape.hpp */,
				9BED750B1E28AA5100067AE1 /* interaction.cpp */,
				9BED750C1E28AA5100067AE1 /* interaction.hpp */,
			);
			name = core;
			sourceTree = "<group>";
		};
		9B0724521E2070D000DBECCF /* imported */ = {
			isa = PBXGroup;
			children = (
				9B0723AF1E2023C900DBECCF /* pbrt.hpp */,
				9B0723B01E2023F300DBECCF /* port.hpp */,
				9B0723B21E205E8C00DBECCF /* error.cpp */,
				9B0723B31E205E8C00DBECCF /* error.hpp */,
				9B0723B51E205EE100DBECCF /* progressreporter.cpp */,
				9B0723B61E205EE100DBECCF /* progressreporter.hpp */,
				9B0723B81E205F5D00DBECCF /* parallel.cpp */,
				9B0723B91E205F5D00DBECCF /* parallel.hpp */,
				9B0723BB1E205FB700DBECCF /* memory.cpp */,
				9B0723BC1E205FB700DBECCF /* memory.hpp */,
				9B0723BE1E205FC000DBECCF /* stats.cpp */,
				9B0723BF1E205FC000DBECCF /* stats.hpp */,
				9B0723B11E205E1300DBECCF /* stringprint.hpp */,
				9B07245D1E219C7B00DBECCF /* efloat.cpp */,
				9B07245E1E219C7B00DBECCF /* efloat.hpp */,
			);
			name = imported;
			sourceTree = "<group>";
		};
		9B0724591E217EC200DBECCF /* shapes */ = {
			isa = PBXGroup;
			children = (
				9B07245A1E217ED400DBECCF /* sphere.cpp */,
				9B07245B1E217ED400DBECCF /* sphere.hpp */,
			);
			name = shapes;
			sourceTree = "<group>";
		};
/* End PBXGroup section */

/* Begin PBXNativeTarget section */
		9B07238C1E1CE0EF00DBECCF /* pbrt3 */ = {
			isa = PBXNativeTarget;
			buildConfigurationList = 9B0723941E1CE0EF00DBECCF /* Build configuration list for PBXNativeTarget "pbrt3" */;
			buildPhases = (
				9B0723891E1CE0EF00DBECCF /* Sources */,
				9B07238A1E1CE0EF00DBECCF /* Frameworks */,
				9B07238B1E1CE0EF00DBECCF /* CopyFiles */,
			);
			buildRules = (
			);
			dependencies = (
			);
			name = pbrt3;
			productName = pbrt3;
			productReference = 9B07238D1E1CE0EF00DBECCF /* pbrt3 */;
			productType = "com.apple.product-type.tool";
		};
/* End PBXNativeTarget section */

/* Begin PBXProject section */
		9B0723851E1CE0EF00DBECCF /* Project object */ = {
			isa = PBXProject;
			attributes = {
				LastUpgradeCheck = 0820;
				ORGANIZATIONNAME = "Ilya Rostovtsev";
				TargetAttributes = {
					9B07238C1E1CE0EF00DBECCF = {
						CreatedOnToolsVersion = 8.2.1;
						ProvisioningStyle = Automatic;
					};
				};
			};
			buildConfigurationList = 9B0723881E1CE0EF00DBECCF /* Build configuration list for PBXProject "pbrt3" */;
			compatibilityVersion = "Xcode 3.2";
			developmentRegion = English;
			hasScannedForEncodings = 0;
			knownRegions = (
				en,
			);
			mainGroup = 9B0723841E1CE0EF00DBECCF;
			productRefGroup = 9B07238E1E1CE0EF00DBECCF /* Products */;
			projectDirPath = "";
			projectRoot = "";
			targets = (
				9B07238C1E1CE0EF00DBECCF /* pbrt3 */,
			);
		};
/* End PBXProject section */

/* Begin PBXSourcesBuildPhase section */
		9B0723891E1CE0EF00DBECCF /* Sources */ = {
			isa = PBXSourcesBuildPhase;
			buildActionMask = 2147483647;
			files = (
				9B0723BA1E205F5D00DBECCF /* parallel.cpp in Sources */,
				9B0724581E21656C00DBECCF /* shape.cpp in Sources */,
				9B0723C01E205FC000DBECCF /* stats.cpp in Sources */,
				9B0723AE1E201B2D00DBECCF /* transform.cpp in Sources */,
				9B07245C1E217ED400DBECCF /* sphere.cpp in Sources */,
				9B0723BD1E205FB700DBECCF /* memory.cpp in Sources */,
				9B07245F1E219C7B00DBECCF /* efloat.cpp in Sources */,
				9B0723B71E205EE100DBECCF /* progressreporter.cpp in Sources */,
				9BED750D1E28AA5100067AE1 /* interaction.cpp in Sources */,
				9B0724551E20CAEA00DBECCF /* quaternion.cpp in Sources */,
				9B0723911E1CE0EF00DBECCF /* main.cpp in Sources */,
				9B0723B41E205E8C00DBECCF /* error.cpp in Sources */,
			);
			runOnlyForDeploymentPostprocessing = 0;
		};
/* End PBXSourcesBuildPhase section */

/* Begin XCBuildConfiguration section */
		9B0723921E1CE0EF00DBECCF /* Debug */ = {
			isa = XCBuildConfiguration;
			buildSettings = {
				ALWAYS_SEARCH_USER_PATHS = NO;
				CLANG_ANALYZER_NONNULL = YES;
				CLANG_CXX_LANGUAGE_STANDARD = "gnu++0x";
				CLANG_CXX_LIBRARY = "libc++";
				CLANG_ENABLE_MODULES = YES;
				CLANG_ENABLE_OBJC_ARC = YES;
				CLANG_WARN_BOOL_CONVERSION = YES;
				CLANG_WARN_CONSTANT_CONVERSION = YES;
				CLANG_WARN_DIRECT_OBJC_ISA_USAGE = YES_ERROR;
				CLANG_WARN_DOCUMENTATION_COMMENTS = YES;
				CLANG_WARN_EMPTY_BODY = YES;
				CLANG_WARN_ENUM_CONVERSION = YES;
				CLANG_WARN_INFINITE_RECURSION = YES;
				CLANG_WARN_INT_CONVERSION = YES;
				CLANG_WARN_OBJC_ROOT_CLASS = YES_ERROR;
				CLANG_WARN_SUSPICIOUS_MOVE = YES;
				CLANG_WARN_UNREACHABLE_CODE = YES;
				CLANG_WARN__DUPLICATE_METHOD_MATCH = YES;
				CODE_SIGN_IDENTITY = "-";
				COPY_PHASE_STRIP = NO;
				DEBUG_INFORMATION_FORMAT = dwarf;
				ENABLE_STRICT_OBJC_MSGSEND = YES;
				ENABLE_TESTABILITY = YES;
				GCC_C_LANGUAGE_STANDARD = gnu99;
				GCC_DYNAMIC_NO_PIC = NO;
				GCC_NO_COMMON_BLOCKS = YES;
				GCC_OPTIMIZATION_LEVEL = 0;
				GCC_PREPROCESSOR_DEFINITIONS = (
					"DEBUG=1",
					"$(inherited)",
				);
				GCC_WARN_64_TO_32_BIT_CONVERSION = YES;
				GCC_WARN_ABOUT_RETURN_TYPE = YES_ERROR;
				GCC_WARN_UNDECLARED_SELECTOR = YES;
				GCC_WARN_UNINITIALIZED_AUTOS = YES_AGGRESSIVE;
				GCC_WARN_UNUSED_FUNCTION = YES;
				GCC_WARN_UNUSED_VARIABLE = YES;
				MACOSX_DEPLOYMENT_TARGET = 10.12;
				MTL_ENABLE_DEBUG_INFO = YES;
				ONLY_ACTIVE_ARCH = YES;
				SDKROOT = macosx;
			};
			name = Debug;
		};
		9B0723931E1CE0EF00DBECCF /* Release */ = {
			isa = XCBuildConfiguration;
			buildSettings = {
				ALWAYS_SEARCH_USER_PATHS = NO;
				CLANG_ANALYZER_NONNULL = YES;
				CLANG_CXX_LANGUAGE_STANDARD = "gnu++0x";
				CLANG_CXX_LIBRARY = "libc++";
				CLANG_ENABLE_MODULES = YES;
				CLANG_ENABLE_OBJC_ARC = YES;
				CLANG_WARN_BOOL_CONVERSION = YES;
				CLANG_WARN_CONSTANT_CONVERSION = YES;
				CLANG_WARN_DIRECT_OBJC_ISA_USAGE = YES_ERROR;
				CLANG_WARN_DOCUMENTATION_COMMENTS = YES;
				CLANG_WARN_EMPTY_BODY = YES;
				CLANG_WARN_ENUM_CONVERSION = YES;
				CLANG_WARN_INFINITE_RECURSION = YES;
				CLANG_WARN_INT_CONVERSION = YES;
				CLANG_WARN_OBJC_ROOT_CLASS = YES_ERROR;
				CLANG_WARN_SUSPICIOUS_MOVE = YES;
				CLANG_WARN_UNREACHABLE_CODE = YES;
				CLANG_WARN__DUPLICATE_METHOD_MATCH = YES;
				CODE_SIGN_IDENTITY = "-";
				COPY_PHASE_STRIP = NO;
				DEBUG_INFORMATION_FORMAT = "dwarf-with-dsym";
				ENABLE_NS_ASSERTIONS = NO;
				ENABLE_STRICT_OBJC_MSGSEND = YES;
				GCC_C_LANGUAGE_STANDARD = gnu99;
				GCC_NO_COMMON_BLOCKS = YES;
				GCC_WARN_64_TO_32_BIT_CONVERSION = YES;
				GCC_WARN_ABOUT_RETURN_TYPE = YES_ERROR;
				GCC_WARN_UNDECLARED_SELECTOR = YES;
				GCC_WARN_UNINITIALIZED_AUTOS = YES_AGGRESSIVE;
				GCC_WARN_UNUSED_FUNCTION = YES;
				GCC_WARN_UNUSED_VARIABLE = YES;
				MACOSX_DEPLOYMENT_TARGET = 10.12;
				MTL_ENABLE_DEBUG_INFO = NO;
				SDKROOT = macosx;
			};
			name = Release;
		};
		9B0723951E1CE0EF00DBECCF /* Debug */ = {
			isa = XCBuildConfiguration;
			buildSettings = {
				HEADER_SEARCH_PATHS = /usr/local/include;
				LIBRARY_SEARCH_PATHS = /usr/local/lib;
				PRODUCT_NAME = "$(TARGET_NAME)";
			};
			name = Debug;
		};
		9B0723961E1CE0EF00DBECCF /* Release */ = {
			isa = XCBuildConfiguration;
			buildSettings = {
				HEADER_SEARCH_PATHS = /usr/local/include;
				LIBRARY_SEARCH_PATHS = /usr/local/lib;
				PRODUCT_NAME = "$(TARGET_NAME)";
			};
			name = Release;
		};
/* End XCBuildConfiguration section */

/* Begin XCConfigurationList section */
		9B0723881E1CE0EF00DBECCF /* Build configuration list for PBXProject "pbrt3" */ = {
			isa = XCConfigurationList;
			buildConfigurations = (
				9B0723921E1CE0EF00DBECCF /* Debug */,
				9B0723931E1CE0EF00DBECCF /* Release */,
			);
			defaultConfigurationIsVisible = 0;
			defaultConfigurationName = Release;
		};
		9B0723941E1CE0EF00DBECCF /* Build configuration list for PBXNativeTarget "pbrt3" */ = {
			isa = XCConfigurationList;
			buildConfigurations = (
				9B0723951E1CE0EF00DBECCF /* Debug */,
				9B0723961E1CE0EF00DBECCF /* Release */,
			);
			defaultConfigurationIsVisible = 0;
			defaultConfigurationName = Release;
		};
/* End XCConfigurationList section */
	};
	rootObject = 9B0723851E1CE0EF00DBECCF /* Project object */;
}
